
Microsoft Visual Studio Solution File, Format Version 12.00
# Visual Studio 15
VisualStudioVersion = 15.0.27703.2047
MinimumVisualStudioVersion = 10.0.40219.1
Project("{FAE04EC0-301F-11D3-BF4B-00C04F79EFBC}") = "BiographySexton.Android", "BiographySexton\BiographySexton.Android\BiographySexton.Android.csproj", "{F3832C7F-8B6C-44F1-AB19-49D6C0ABD111}"
EndProject
Project("{FAE04EC0-301F-11D3-BF4B-00C04F79EFBC}") = "BiographySexton.iOS", "BiographySexton\BiographySexton.iOS\BiographySexton.iOS.csproj", "{D87D776C-279E-4D1E-9869-DCC7AC20984D}"
EndProject
Project("{FAE04EC0-301F-11D3-BF4B-00C04F79EFBC}") = "BiographySexton.UWP", "BiographySexton\BiographySexton.UWP\BiographySexton.UWP.csproj", "{DF4EE7C1-EB23-4F0C-A553-679ECA72FFE2}"
EndProject
Project("{FAE04EC0-301F-11D3-BF4B-00C04F79EFBC}") = "BiographySexton", "BiographySexton\BiographySexton\BiographySexton.csproj", "{C29D54D1-74A2-43A7-B532-6953369649EA}"
EndProject
Global
	GlobalSection(SolutionConfigurationPlatforms) = preSolution
		Ad-Hoc|Any CPU = Ad-Hoc|Any CPU
		Ad-Hoc|ARM = Ad-Hoc|ARM
		Ad-Hoc|iPhone = Ad-Hoc|iPhone
		Ad-Hoc|iPhoneSimulator = Ad-Hoc|iPhoneSimulator
		Ad-Hoc|x64 = Ad-Hoc|x64
		Ad-Hoc|x86 = Ad-Hoc|x86
		AppStore|Any CPU = AppStore|Any CPU
		AppStore|ARM = AppStore|ARM
		AppStore|iPhone = AppStore|iPhone
		AppStore|iPhoneSimulator = AppStore|iPhoneSimulator
		AppStore|x64 = AppStore|x64
		AppStore|x86 = AppStore|x86
		Debug|Any CPU = Debug|Any CPU
		Debug|ARM = Debug|ARM
		Debug|iPhone = Debug|iPhone
		Debug|iPhoneSimulator = Debug|iPhoneSimulator
		Debug|x64 = Debug|x64
		Debug|x86 = Debug|x86
		Release|Any CPU = Release|Any CPU
		Release|ARM = Release|ARM
		Release|iPhone = Release|iPhone
		Release|iPhoneSimulator = Release|iPhoneSimulator
		Release|x64 = Release|x64
		Release|x86 = Release|x86
	EndGlobalSection
	GlobalSection(ProjectConfigurationPlatforms) = postSolution
		{F3832C7F-8B6C-44F1-AB19-49D6C0ABD111}.Ad-Hoc|Any CPU.ActiveCfg = Release|Any CPU
		{F3832C7F-8B6C-44F1-AB19-49D6C0ABD111}.Ad-Hoc|Any CPU.Build.0 = Release|Any CPU
		{F3832C7F-8B6C-44F1-AB19-49D6C0ABD111}.Ad-Hoc|Any CPU.Deploy.0 = Release|Any CPU
		{F3832C7F-8B6C-44F1-AB19-49D6C0ABD111}.Ad-Hoc|ARM.ActiveCfg = Release|Any CPU
		{F3832C7F-8B6C-44F1-AB19-49D6C0ABD111}.Ad-Hoc|ARM.Build.0 = Release|Any CPU
		{F3832C7F-8B6C-44F1-AB19-49D6C0ABD111}.Ad-Hoc|ARM.Deploy.0 = Release|Any CPU
		{F3832C7F-8B6C-44F1-AB19-49D6C0ABD111}.Ad-Hoc|iPhone.ActiveCfg = Release|Any CPU
		{F3832C7F-8B6C-44F1-AB19-49D6C0ABD111}.Ad-Hoc|iPhone.Build.0 = Release|Any CPU
		{F3832C7F-8B6C-44F1-AB19-49D6C0ABD111}.Ad-Hoc|iPhone.Deploy.0 = Release|Any CPU
		{F3832C7F-8B6C-44F1-AB19-49D6C0ABD111}.Ad-Hoc|iPhoneSimulator.ActiveCfg = Release|Any CPU
		{F3832C7F-8B6C-44F1-AB19-49D6C0ABD111}.Ad-Hoc|iPhoneSimulator.Build.0 = Release|Any CPU
		{F3832C7F-8B6C-44F1-AB19-49D6C0ABD111}.Ad-Hoc|iPhoneSimulator.Deploy.0 = Release|Any CPU
		{F3832C7F-8B6C-44F1-AB19-49D6C0ABD111}.Ad-Hoc|x64.ActiveCfg = Release|Any CPU
		{F3832C7F-8B6C-44F1-AB19-49D6C0ABD111}.Ad-Hoc|x64.Build.0 = Release|Any CPU
		{F3832C7F-8B6C-44F1-AB19-49D6C0ABD111}.Ad-Hoc|x64.Deploy.0 = Release|Any CPU
		{F3832C7F-8B6C-44F1-AB19-49D6C0ABD111}.Ad-Hoc|x86.ActiveCfg = Release|Any CPU
		{F3832C7F-8B6C-44F1-AB19-49D6C0ABD111}.Ad-Hoc|x86.Build.0 = Release|Any CPU
		{F3832C7F-8B6C-44F1-AB19-49D6C0ABD111}.Ad-Hoc|x86.Deploy.0 = Release|Any CPU
		{F3832C7F-8B6C-44F1-AB19-49D6C0ABD111}.AppStore|Any CPU.ActiveCfg = Release|Any CPU
		{F3832C7F-8B6C-44F1-AB19-49D6C0ABD111}.AppStore|Any CPU.Build.0 = Release|Any CPU
		{F3832C7F-8B6C-44F1-AB19-49D6C0ABD111}.AppStore|Any CPU.Deploy.0 = Release|Any CPU
		{F3832C7F-8B6C-44F1-AB19-49D6C0ABD111}.AppStore|ARM.ActiveCfg = Release|Any CPU
		{F3832C7F-8B6C-44F1-AB19-49D6C0ABD111}.AppStore|ARM.Build.0 = Release|Any CPU
		{F3832C7F-8B6C-44F1-AB19-49D6C0ABD111}.AppStore|ARM.Deploy.0 = Release|Any CPU
		{F3832C7F-8B6C-44F1-AB19-49D6C0ABD111}.AppStore|iPhone.ActiveCfg = Release|Any CPU
		{F3832C7F-8B6C-44F1-AB19-49D6C0ABD111}.AppStore|iPhone.Build.0 = Release|Any CPU
		{F3832C7F-8B6C-44F1-AB19-49D6C0ABD111}.AppStore|iPhone.Deploy.0 = Release|Any CPU
		{F3832C7F-8B6C-44F1-AB19-49D6C0ABD111}.AppStore|iPhoneSimulator.ActiveCfg = Release|Any CPU
		{F3832C7F-8B6C-44F1-AB19-49D6C0ABD111}.AppStore|iPhoneSimulator.Build.0 = Release|Any CPU
		{F3832C7F-8B6C-44F1-AB19-49D6C0ABD111}.AppStore|iPhoneSimulator.Deploy.0 = Release|Any CPU
		{F3832C7F-8B6C-44F1-AB19-49D6C0ABD111}.AppStore|x64.ActiveCfg = Release|Any CPU
		{F3832C7F-8B6C-44F1-AB19-49D6C0ABD111}.AppStore|x64.Build.0 = Release|Any CPU
		{F3832C7F-8B6C-44F1-AB19-49D6C0ABD111}.AppStore|x64.Deploy.0 = Release|Any CPU
		{F3832C7F-8B6C-44F1-AB19-49D6C0ABD111}.AppStore|x86.ActiveCfg = Release|Any CPU
		{F3832C7F-8B6C-44F1-AB19-49D6C0ABD111}.AppStore|x86.Build.0 = Release|Any CPU
		{F3832C7F-8B6C-44F1-AB19-49D6C0ABD111}.AppStore|x86.Deploy.0 = Release|Any CPU
		{F3832C7F-8B6C-44F1-AB19-49D6C0ABD111}.Debug|Any CPU.ActiveCfg = Debug|Any CPU
		{F3832C7F-8B6C-44F1-AB19-49D6C0ABD111}.Debug|Any CPU.Build.0 = Debug|Any CPU
		{F3832C7F-8B6C-44F1-AB19-49D6C0ABD111}.Debug|Any CPU.Deploy.0 = Debug|Any CPU
		{F3832C7F-8B6C-44F1-AB19-49D6C0ABD111}.Debug|ARM.ActiveCfg = Debug|Any CPU
		{F3832C7F-8B6C-44F1-AB19-49D6C0ABD111}.Debug|ARM.Build.0 = Debug|Any CPU
		{F3832C7F-8B6C-44F1-AB19-49D6C0ABD111}.Debug|ARM.Deploy.0 = Debug|Any CPU
		{F3832C7F-8B6C-44F1-AB19-49D6C0ABD111}.Debug|iPhone.ActiveCfg = Debug|Any CPU
		{F3832C7F-8B6C-44F1-AB19-49D6C0ABD111}.Debug|iPhone.Build.0 = Debug|Any CPU
		{F3832C7F-8B6C-44F1-AB19-49D6C0ABD111}.Debug|iPhone.Deploy.0 = Debug|Any CPU
		{F3832C7F-8B6C-44F1-AB19-49D6C0ABD111}.Debug|iPhoneSimulator.ActiveCfg = Debug|Any CPU
		{F3832C7F-8B6C-44F1-AB19-49D6C0ABD111}.Debug|iPhoneSimulator.Build.0 = Debug|Any CPU
		{F3832C7F-8B6C-44F1-AB19-49D6C0ABD111}.Debug|iPhoneSimulator.Deploy.0 = Debug|Any CPU
		{F3832C7F-8B6C-44F1-AB19-49D6C0ABD111}.Debug|x64.ActiveCfg = Debug|Any CPU
		{F3832C7F-8B6C-44F1-AB19-49D6C0ABD111}.Debug|x64.Build.0 = Debug|Any CPU
		{F3832C7F-8B6C-44F1-AB19-49D6C0ABD111}.Debug|x64.Deploy.0 = Debug|Any CPU
		{F3832C7F-8B6C-44F1-AB19-49D6C0ABD111}.Debug|x86.ActiveCfg = Debug|Any CPU
		{F3832C7F-8B6C-44F1-AB19-49D6C0ABD111}.Debug|x86.Build.0 = Debug|Any CPU
		{F3832C7F-8B6C-44F1-AB19-49D6C0ABD111}.Debug|x86.Deploy.0 = Debug|Any CPU
		{F3832C7F-8B6C-44F1-AB19-49D6C0ABD111}.Release|Any CPU.ActiveCfg = Release|Any CPU
		{F3832C7F-8B6C-44F1-AB19-49D6C0ABD111}.Release|Any CPU.Build.0 = Release|Any CPU
		{F3832C7F-8B6C-44F1-AB19-49D6C0ABD111}.Release|Any CPU.Deploy.0 = Release|Any CPU
		{F3832C7F-8B6C-44F1-AB19-49D6C0ABD111}.Release|ARM.ActiveCfg = Release|Any CPU
		{F3832C7F-8B6C-44F1-AB19-49D6C0ABD111}.Release|ARM.Build.0 = Release|Any CPU
		{F3832C7F-8B6C-44F1-AB19-49D6C0ABD111}.Release|ARM.Deploy.0 = Release|Any CPU
		{F3832C7F-8B6C-44F1-AB19-49D6C0ABD111}.Release|iPhone.ActiveCfg = Release|Any CPU
		{F3832C7F-8B6C-44F1-AB19-49D6C0ABD111}.Release|iPhone.Build.0 = Release|Any CPU
		{F3832C7F-8B6C-44F1-AB19-49D6C0ABD111}.Release|iPhone.Deploy.0 = Release|Any CPU
		{F3832C7F-8B6C-44F1-AB19-49D6C0ABD111}.Release|iPhoneSimulator.ActiveCfg = Release|Any CPU
		{F3832C7F-8B6C-44F1-AB19-49D6C0ABD111}.Release|iPhoneSimulator.Build.0 = Release|Any CPU
		{F3832C7F-8B6C-44F1-AB19-49D6C0ABD111}.Release|iPhoneSimulator.Deploy.0 = Release|Any CPU
		{F3832C7F-8B6C-44F1-AB19-49D6C0ABD111}.Release|x64.ActiveCfg = Release|Any CPU
		{F3832C7F-8B6C-44F1-AB19-49D6C0ABD111}.Release|x64.Build.0 = Release|Any CPU
		{F3832C7F-8B6C-44F1-AB19-49D6C0ABD111}.Release|x64.Deploy.0 = Release|Any CPU
		{F3832C7F-8B6C-44F1-AB19-49D6C0ABD111}.Release|x86.ActiveCfg = Release|Any CPU
		{F3832C7F-8B6C-44F1-AB19-49D6C0ABD111}.Release|x86.Build.0 = Release|Any CPU
		{F3832C7F-8B6C-44F1-AB19-49D6C0ABD111}.Release|x86.Deploy.0 = Release|Any CPU
		{D87D776C-279E-4D1E-9869-DCC7AC20984D}.Ad-Hoc|Any CPU.ActiveCfg = Ad-Hoc|iPhone
		{D87D776C-279E-4D1E-9869-DCC7AC20984D}.Ad-Hoc|Any CPU.Build.0 = Ad-Hoc|iPhone
		{D87D776C-279E-4D1E-9869-DCC7AC20984D}.Ad-Hoc|Any CPU.Deploy.0 = Ad-Hoc|iPhone
		{D87D776C-279E-4D1E-9869-DCC7AC20984D}.Ad-Hoc|ARM.ActiveCfg = Ad-Hoc|iPhone
		{D87D776C-279E-4D1E-9869-DCC7AC20984D}.Ad-Hoc|ARM.Build.0 = Ad-Hoc|iPhone
		{D87D776C-279E-4D1E-9869-DCC7AC20984D}.Ad-Hoc|ARM.Deploy.0 = Ad-Hoc|iPhone
		{D87D776C-279E-4D1E-9869-DCC7AC20984D}.Ad-Hoc|iPhone.ActiveCfg = Ad-Hoc|iPhone
		{D87D776C-279E-4D1E-9869-DCC7AC20984D}.Ad-Hoc|iPhone.Build.0 = Ad-Hoc|iPhone
		{D87D776C-279E-4D1E-9869-DCC7AC20984D}.Ad-Hoc|iPhone.Deploy.0 = Ad-Hoc|iPhone
		{D87D776C-279E-4D1E-9869-DCC7AC20984D}.Ad-Hoc|iPhoneSimulator.ActiveCfg = Ad-Hoc|iPhoneSimulator
		{D87D776C-279E-4D1E-9869-DCC7AC20984D}.Ad-Hoc|iPhoneSimulator.Build.0 = Ad-Hoc|iPhoneSimulator
		{D87D776C-279E-4D1E-9869-DCC7AC20984D}.Ad-Hoc|iPhoneSimulator.Deploy.0 = Ad-Hoc|iPhoneSimulator
		{D87D776C-279E-4D1E-9869-DCC7AC20984D}.Ad-Hoc|x64.ActiveCfg = Ad-Hoc|iPhone
		{D87D776C-279E-4D1E-9869-DCC7AC20984D}.Ad-Hoc|x64.Build.0 = Ad-Hoc|iPhone
		{D87D776C-279E-4D1E-9869-DCC7AC20984D}.Ad-Hoc|x64.Deploy.0 = Ad-Hoc|iPhone
		{D87D776C-279E-4D1E-9869-DCC7AC20984D}.Ad-Hoc|x86.ActiveCfg = Ad-Hoc|iPhone
		{D87D776C-279E-4D1E-9869-DCC7AC20984D}.Ad-Hoc|x86.Build.0 = Ad-Hoc|iPhone
		{D87D776C-279E-4D1E-9869-DCC7AC20984D}.Ad-Hoc|x86.Deploy.0 = Ad-Hoc|iPhone
		{D87D776C-279E-4D1E-9869-DCC7AC20984D}.AppStore|Any CPU.ActiveCfg = AppStore|iPhone
		{D87D776C-279E-4D1E-9869-DCC7AC20984D}.AppStore|Any CPU.Build.0 = AppStore|iPhone
		{D87D776C-279E-4D1E-9869-DCC7AC20984D}.AppStore|Any CPU.Deploy.0 = AppStore|iPhone
		{D87D776C-279E-4D1E-9869-DCC7AC20984D}.AppStore|ARM.ActiveCfg = AppStore|iPhone
		{D87D776C-279E-4D1E-9869-DCC7AC20984D}.AppStore|ARM.Build.0 = AppStore|iPhone
		{D87D776C-279E-4D1E-9869-DCC7AC20984D}.AppStore|ARM.Deploy.0 = AppStore|iPhone
		{D87D776C-279E-4D1E-9869-DCC7AC20984D}.AppStore|iPhone.ActiveCfg = AppStore|iPhone
		{D87D776C-279E-4D1E-9869-DCC7AC20984D}.AppStore|iPhone.Build.0 = AppStore|iPhone
		{D87D776C-279E-4D1E-9869-DCC7AC20984D}.AppStore|iPhone.Deploy.0 = AppStore|iPhone
		{D87D776C-279E-4D1E-9869-DCC7AC20984D}.AppStore|iPhoneSimulator.ActiveCfg = AppStore|iPhoneSimulator
		{D87D776C-279E-4D1E-9869-DCC7AC20984D}.AppStore|iPhoneSimulator.Build.0 = AppStore|iPhoneSimulator
		{D87D776C-279E-4D1E-9869-DCC7AC20984D}.AppStore|iPhoneSimulator.Deploy.0 = AppStore|iPhoneSimulator
		{D87D776C-279E-4D1E-9869-DCC7AC20984D}.AppStore|x64.ActiveCfg = AppStore|iPhone
		{D87D776C-279E-4D1E-9869-DCC7AC20984D}.AppStore|x64.Build.0 = AppStore|iPhone
		{D87D776C-279E-4D1E-9869-DCC7AC20984D}.AppStore|x64.Deploy.0 = AppStore|iPhone
		{D87D776C-279E-4D1E-9869-DCC7AC20984D}.AppStore|x86.ActiveCfg = AppStore|iPhone
		{D87D776C-279E-4D1E-9869-DCC7AC20984D}.AppStore|x86.Build.0 = AppStore|iPhone
		{D87D776C-279E-4D1E-9869-DCC7AC20984D}.AppStore|x86.Deploy.0 = AppStore|iPhone
		{D87D776C-279E-4D1E-9869-DCC7AC20984D}.Debug|Any CPU.ActiveCfg = Debug|iPhoneSimulator
		{D87D776C-279E-4D1E-9869-DCC7AC20984D}.Debug|Any CPU.Build.0 = Debug|iPhoneSimulator
		{D87D776C-279E-4D1E-9869-DCC7AC20984D}.Debug|Any CPU.Deploy.0 = Debug|iPhoneSimulator
		{D87D776C-279E-4D1E-9869-DCC7AC20984D}.Debug|ARM.ActiveCfg = Debug|iPhone
		{D87D776C-279E-4D1E-9869-DCC7AC20984D}.Debug|ARM.Build.0 = Debug|iPhone
		{D87D776C-279E-4D1E-9869-DCC7AC20984D}.Debug|ARM.Deploy.0 = Debug|iPhone
		{D87D776C-279E-4D1E-9869-DCC7AC20984D}.Debug|iPhone.ActiveCfg = Debug|iPhone
		{D87D776C-279E-4D1E-9869-DCC7AC20984D}.Debug|iPhone.Build.0 = Debug|iPhone
		{D87D776C-279E-4D1E-9869-DCC7AC20984D}.Debug|iPhone.Deploy.0 = Debug|iPhone
		{D87D776C-279E-4D1E-9869-DCC7AC20984D}.Debug|iPhoneSimulator.ActiveCfg = Debug|iPhoneSimulator
		{D87D776C-279E-4D1E-9869-DCC7AC20984D}.Debug|iPhoneSimulator.Build.0 = Debug|iPhoneSimulator
		{D87D776C-279E-4D1E-9869-DCC7AC20984D}.Debug|iPhoneSimulator.Deploy.0 = Debug|iPhoneSimulator
		{D87D776C-279E-4D1E-9869-DCC7AC20984D}.Debug|x64.ActiveCfg = Debug|iPhone
		{D87D776C-279E-4D1E-9869-DCC7AC20984D}.Debug|x64.Build.0 = Debug|iPhone
		{D87D776C-279E-4D1E-9869-DCC7AC20984D}.Debug|x64.Deploy.0 = Debug|iPhone
		{D87D776C-279E-4D1E-9869-DCC7AC20984D}.Debug|x86.ActiveCfg = Debug|iPhone
		{D87D776C-279E-4D1E-9869-DCC7AC20984D}.Debug|x86.Build.0 = Debug|iPhone
		{D87D776C-279E-4D1E-9869-DCC7AC20984D}.Debug|x86.Deploy.0 = Debug|iPhone
		{D87D776C-279E-4D1E-9869-DCC7AC20984D}.Release|Any CPU.ActiveCfg = Release|iPhone
		{D87D776C-279E-4D1E-9869-DCC7AC20984D}.Release|Any CPU.Build.0 = Release|iPhone
		{D87D776C-279E-4D1E-9869-DCC7AC20984D}.Release|Any CPU.Deploy.0 = Release|iPhone
		{D87D776C-279E-4D1E-9869-DCC7AC20984D}.Release|ARM.ActiveCfg = Release|iPhone
		{D87D776C-279E-4D1E-9869-DCC7AC20984D}.Release|ARM.Build.0 = Release|iPhone
		{D87D776C-279E-4D1E-9869-DCC7AC20984D}.Release|ARM.Deploy.0 = Release|iPhone
		{D87D776C-279E-4D1E-9869-DCC7AC20984D}.Release|iPhone.ActiveCfg = Release|iPhone
		{D87D776C-279E-4D1E-9869-DCC7AC20984D}.Release|iPhone.Build.0 = Release|iPhone
		{D87D776C-279E-4D1E-9869-DCC7AC20984D}.Release|iPhone.Deploy.0 = Release|iPhone
		{D87D776C-279E-4D1E-9869-DCC7AC20984D}.Release|iPhoneSimulator.ActiveCfg = Release|iPhoneSimulator
		{D87D776C-279E-4D1E-9869-DCC7AC20984D}.Release|iPhoneSimulator.Build.0 = Release|iPhoneSimulator
		{D87D776C-279E-4D1E-9869-DCC7AC20984D}.Release|iPhoneSimulator.Deploy.0 = Release|iPhoneSimulator
		{D87D776C-279E-4D1E-9869-DCC7AC20984D}.Release|x64.ActiveCfg = Release|iPhone
		{D87D776C-279E-4D1E-9869-DCC7AC20984D}.Release|x64.Build.0 = Release|iPhone
		{D87D776C-279E-4D1E-9869-DCC7AC20984D}.Release|x64.Deploy.0 = Release|iPhone
		{D87D776C-279E-4D1E-9869-DCC7AC20984D}.Release|x86.ActiveCfg = Release|iPhone
		{D87D776C-279E-4D1E-9869-DCC7AC20984D}.Release|x86.Build.0 = Release|iPhone
		{D87D776C-279E-4D1E-9869-DCC7AC20984D}.Release|x86.Deploy.0 = Release|iPhone
		{DF4EE7C1-EB23-4F0C-A553-679ECA72FFE2}.Ad-Hoc|Any CPU.ActiveCfg = Release|x86
		{DF4EE7C1-EB23-4F0C-A553-679ECA72FFE2}.Ad-Hoc|Any CPU.Build.0 = Release|x86
		{DF4EE7C1-EB23-4F0C-A553-679ECA72FFE2}.Ad-Hoc|Any CPU.Deploy.0 = Release|x86
		{DF4EE7C1-EB23-4F0C-A553-679ECA72FFE2}.Ad-Hoc|ARM.ActiveCfg = Release|ARM
		{DF4EE7C1-EB23-4F0C-A553-679ECA72FFE2}.Ad-Hoc|ARM.Build.0 = Release|ARM
		{DF4EE7C1-EB23-4F0C-A553-679ECA72FFE2}.Ad-Hoc|ARM.Deploy.0 = Release|ARM
		{DF4EE7C1-EB23-4F0C-A553-679ECA72FFE2}.Ad-Hoc|iPhone.ActiveCfg = Release|x86
		{DF4EE7C1-EB23-4F0C-A553-679ECA72FFE2}.Ad-Hoc|iPhone.Build.0 = Release|x86
		{DF4EE7C1-EB23-4F0C-A553-679ECA72FFE2}.Ad-Hoc|iPhone.Deploy.0 = Release|x86
		{DF4EE7C1-EB23-4F0C-A553-679ECA72FFE2}.Ad-Hoc|iPhoneSimulator.ActiveCfg = Release|x86
		{DF4EE7C1-EB23-4F0C-A553-679ECA72FFE2}.Ad-Hoc|iPhoneSimulator.Build.0 = Release|x86
		{DF4EE7C1-EB23-4F0C-A553-679ECA72FFE2}.Ad-Hoc|iPhoneSimulator.Deploy.0 = Release|x86
		{DF4EE7C1-EB23-4F0C-A553-679ECA72FFE2}.Ad-Hoc|x64.ActiveCfg = Release|x64
		{DF4EE7C1-EB23-4F0C-A553-679ECA72FFE2}.Ad-Hoc|x64.Build.0 = Release|x64
		{DF4EE7C1-EB23-4F0C-A553-679ECA72FFE2}.Ad-Hoc|x64.Deploy.0 = Release|x64
		{DF4EE7C1-EB23-4F0C-A553-679ECA72FFE2}.Ad-Hoc|x86.ActiveCfg = Release|x86
		{DF4EE7C1-EB23-4F0C-A553-679ECA72FFE2}.Ad-Hoc|x86.Build.0 = Release|x86
		{DF4EE7C1-EB23-4F0C-A553-679ECA72FFE2}.Ad-Hoc|x86.Deploy.0 = Release|x86
		{DF4EE7C1-EB23-4F0C-A553-679ECA72FFE2}.AppStore|Any CPU.ActiveCfg = Release|x86
		{DF4EE7C1-EB23-4F0C-A553-679ECA72FFE2}.AppStore|Any CPU.Build.0 = Release|x86
		{DF4EE7C1-EB23-4F0C-A553-679ECA72FFE2}.AppStore|Any CPU.Deploy.0 = Release|x86
		{DF4EE7C1-EB23-4F0C-A553-679ECA72FFE2}.AppStore|ARM.ActiveCfg = Release|ARM
		{DF4EE7C1-EB23-4F0C-A553-679ECA72FFE2}.AppStore|ARM.Build.0 = Release|ARM
		{DF4EE7C1-EB23-4F0C-A553-679ECA72FFE2}.AppStore|ARM.Deploy.0 = Release|ARM
		{DF4EE7C1-EB23-4F0C-A553-679ECA72FFE2}.AppStore|iPhone.ActiveCfg = Release|x86
		{DF4EE7C1-EB23-4F0C-A553-679ECA72FFE2}.AppStore|iPhone.Build.0 = Release|x86
		{DF4EE7C1-EB23-4F0C-A553-679ECA72FFE2}.AppStore|iPhone.Deploy.0 = Release|x86
		{DF4EE7C1-EB23-4F0C-A553-679ECA72FFE2}.AppStore|iPhoneSimulator.ActiveCfg = Release|x86
		{DF4EE7C1-EB23-4F0C-A553-679ECA72FFE2}.AppStore|iPhoneSimulator.Build.0 = Release|x86
		{DF4EE7C1-EB23-4F0C-A553-679ECA72FFE2}.AppStore|iPhoneSimulator.Deploy.0 = Release|x86
		{DF4EE7C1-EB23-4F0C-A553-679ECA72FFE2}.AppStore|x64.ActiveCfg = Release|x64
		{DF4EE7C1-EB23-4F0C-A553-679ECA72FFE2}.AppStore|x64.Build.0 = Release|x64
		{DF4EE7C1-EB23-4F0C-A553-679ECA72FFE2}.AppStore|x64.Deploy.0 = Release|x64
		{DF4EE7C1-EB23-4F0C-A553-679ECA72FFE2}.AppStore|x86.ActiveCfg = Release|x86
		{DF4EE7C1-EB23-4F0C-A553-679ECA72FFE2}.AppStore|x86.Build.0 = Release|x86
		{DF4EE7C1-EB23-4F0C-A553-679ECA72FFE2}.AppStore|x86.Deploy.0 = Release|x86
		{DF4EE7C1-EB23-4F0C-A553-679ECA72FFE2}.Debug|Any CPU.ActiveCfg = Debug|x86
		{DF4EE7C1-EB23-4F0C-A553-679ECA72FFE2}.Debug|Any CPU.Build.0 = Debug|x86
		{DF4EE7C1-EB23-4F0C-A553-679ECA72FFE2}.Debug|Any CPU.Deploy.0 = Debug|x86
		{DF4EE7C1-EB23-4F0C-A553-679ECA72FFE2}.Debug|ARM.ActiveCfg = Debug|ARM
		{DF4EE7C1-EB23-4F0C-A553-679ECA72FFE2}.Debug|ARM.Build.0 = Debug|ARM
		{DF4EE7C1-EB23-4F0C-A553-679ECA72FFE2}.Debug|ARM.Deploy.0 = Debug|ARM
		{DF4EE7C1-EB23-4F0C-A553-679ECA72FFE2}.Debug|iPhone.ActiveCfg = Debug|x86
		{DF4EE7C1-EB23-4F0C-A553-679ECA72FFE2}.Debug|iPhone.Build.0 = Debug|x86
		{DF4EE7C1-EB23-4F0C-A553-679ECA72FFE2}.Debug|iPhone.Deploy.0 = Debug|x86
		{DF4EE7C1-EB23-4F0C-A553-679ECA72FFE2}.Debug|iPhoneSimulator.ActiveCfg = Debug|x86
		{DF4EE7C1-EB23-4F0C-A553-679ECA72FFE2}.Debug|iPhoneSimulator.Build.0 = Debug|x86
		{DF4EE7C1-EB23-4F0C-A553-679ECA72FFE2}.Debug|iPhoneSimulator.Deploy.0 = Debug|x86
		{DF4EE7C1-EB23-4F0C-A553-679ECA72FFE2}.Debug|x64.ActiveCfg = Debug|x64
		{DF4EE7C1-EB23-4F0C-A553-679ECA72FFE2}.Debug|x64.Build.0 = Debug|x64
		{DF4EE7C1-EB23-4F0C-A553-679ECA72FFE2}.Debug|x64.Deploy.0 = Debug|x64
		{DF4EE7C1-EB23-4F0C-A553-679ECA72FFE2}.Debug|x86.ActiveCfg = Debug|x86
		{DF4EE7C1-EB23-4F0C-A553-679ECA72FFE2}.Debug|x86.Build.0 = Debug|x86
		{DF4EE7C1-EB23-4F0C-A553-679ECA72FFE2}.Debug|x86.Deploy.0 = Debug|x86
		{DF4EE7C1-EB23-4F0C-A553-679ECA72FFE2}.Release|Any CPU.ActiveCfg = Release|x86
		{DF4EE7C1-EB23-4F0C-A553-679ECA72FFE2}.Release|Any CPU.Build.0 = Release|x86
		{DF4EE7C1-EB23-4F0C-A553-679ECA72FFE2}.Release|Any CPU.Deploy.0 = Release|x86
		{DF4EE7C1-EB23-4F0C-A553-679ECA72FFE2}.Release|ARM.ActiveCfg = Release|ARM
		{DF4EE7C1-EB23-4F0C-A553-679ECA72FFE2}.Release|ARM.Build.0 = Release|ARM
		{DF4EE7C1-EB23-4F0C-A553-679ECA72FFE2}.Release|ARM.Deploy.0 = Release|ARM
		{DF4EE7C1-EB23-4F0C-A553-679ECA72FFE2}.Release|iPhone.ActiveCfg = Release|x86
		{DF4EE7C1-EB23-4F0C-A553-679ECA72FFE2}.Release|iPhone.Build.0 = Release|x86
		{DF4EE7C1-EB23-4F0C-A553-679ECA72FFE2}.Release|iPhone.Deploy.0 = Release|x86
		{DF4EE7C1-EB23-4F0C-A553-679ECA72FFE2}.Release|iPhoneSimulator.ActiveCfg = Release|x86
		{DF4EE7C1-EB23-4F0C-A553-679ECA72FFE2}.Release|iPhoneSimulator.Build.0 = Release|x86
		{DF4EE7C1-EB23-4F0C-A553-679ECA72FFE2}.Release|iPhoneSimulator.Deploy.0 = Release|x86
		{DF4EE7C1-EB23-4F0C-A553-679ECA72FFE2}.Release|x64.ActiveCfg = Release|x64
		{DF4EE7C1-EB23-4F0C-A553-679ECA72FFE2}.Release|x64.Build.0 = Release|x64
		{DF4EE7C1-EB23-4F0C-A553-679ECA72FFE2}.Release|x64.Deploy.0 = Release|x64
		{DF4EE7C1-EB23-4F0C-A553-679ECA72FFE2}.Release|x86.ActiveCfg = Release|x86
		{DF4EE7C1-EB23-4F0C-A553-679ECA72FFE2}.Release|x86.Build.0 = Release|x86
		{DF4EE7C1-EB23-4F0C-A553-679ECA72FFE2}.Release|x86.Deploy.0 = Release|x86
		{C29D54D1-74A2-43A7-B532-6953369649EA}.Ad-Hoc|Any CPU.ActiveCfg = Debug|Any CPU
		{C29D54D1-74A2-43A7-B532-6953369649EA}.Ad-Hoc|Any CPU.Build.0 = Debug|Any CPU
		{C29D54D1-74A2-43A7-B532-6953369649EA}.Ad-Hoc|Any CPU.Deploy.0 = Debug|Any CPU
		{C29D54D1-74A2-43A7-B532-6953369649EA}.Ad-Hoc|ARM.ActiveCfg = Debug|Any CPU
		{C29D54D1-74A2-43A7-B532-6953369649EA}.Ad-Hoc|ARM.Build.0 = Debug|Any CPU
		{C29D54D1-74A2-43A7-B532-6953369649EA}.Ad-Hoc|ARM.Deploy.0 = Debug|Any CPU
		{C29D54D1-74A2-43A7-B532-6953369649EA}.Ad-Hoc|iPhone.ActiveCfg = Debug|Any CPU
		{C29D54D1-74A2-43A7-B532-6953369649EA}.Ad-Hoc|iPhone.Build.0 = Debug|Any CPU
		{C29D54D1-74A2-43A7-B532-6953369649EA}.Ad-Hoc|iPhone.Deploy.0 = Debug|Any CPU
		{C29D54D1-74A2-43A7-B532-6953369649EA}.Ad-Hoc|iPhoneSimulator.ActiveCfg = Debug|Any CPU
		{C29D54D1-74A2-43A7-B532-6953369649EA}.Ad-Hoc|iPhoneSimulator.Build.0 = Debug|Any CPU
		{C29D54D1-74A2-43A7-B532-6953369649EA}.Ad-Hoc|iPhoneSimulator.Deploy.0 = Debug|Any CPU
		{C29D54D1-74A2-43A7-B532-6953369649EA}.Ad-Hoc|x64.ActiveCfg = Debug|Any CPU
		{C29D54D1-74A2-43A7-B532-6953369649EA}.Ad-Hoc|x64.Build.0 = Debug|Any CPU
		{C29D54D1-74A2-43A7-B532-6953369649EA}.Ad-Hoc|x64.Deploy.0 = Debug|Any CPU
		{C29D54D1-74A2-43A7-B532-6953369649EA}.Ad-Hoc|x86.ActiveCfg = Debug|Any CPU
		{C29D54D1-74A2-43A7-B532-6953369649EA}.Ad-Hoc|x86.Build.0 = Debug|Any CPU
		{C29D54D1-74A2-43A7-B532-6953369649EA}.Ad-Hoc|x86.Deploy.0 = Debug|Any CPU
		{C29D54D1-74A2-43A7-B532-6953369649EA}.AppStore|Any CPU.ActiveCfg = Debug|Any CPU
		{C29D54D1-74A2-43A7-B532-6953369649EA}.AppStore|Any CPU.Build.0 = Debug|Any CPU
		{C29D54D1-74A2-43A7-B532-6953369649EA}.AppStore|Any CPU.Deploy.0 = Debug|Any CPU
		{C29D54D1-74A2-43A7-B532-6953369649EA}.AppStore|ARM.ActiveCfg = Debug|Any CPU
		{C29D54D1-74A2-43A7-B532-6953369649EA}.AppStore|ARM.Build.0 = Debug|Any CPU
		{C29D54D1-74A2-43A7-B532-6953369649EA}.AppStore|ARM.Deploy.0 = Debug|Any CPU
		{C29D54D1-74A2-43A7-B532-6953369649EA}.AppStore|iPhone.ActiveCfg = Debug|Any CPU
		{C29D54D1-74A2-43A7-B532-6953369649EA}.AppStore|iPhone.Build.0 = Debug|Any CPU
		{C29D54D1-74A2-43A7-B532-6953369649EA}.AppStore|iPhone.Deploy.0 = Debug|Any CPU
		{C29D54D1-74A2-43A7-B532-6953369649EA}.AppStore|iPhoneSimulator.ActiveCfg = Debug|Any CPU
		{C29D54D1-74A2-43A7-B532-6953369649EA}.AppStore|iPhoneSimulator.Build.0 = Debug|Any CPU
		{C29D54D1-74A2-43A7-B532-6953369649EA}.AppStore|iPhoneSimulator.Deploy.0 = Debug|Any CPU
		{C29D54D1-74A2-43A7-B532-6953369649EA}.AppStore|x64.ActiveCfg = Debug|Any CPU
		{C29D54D1-74A2-43A7-B532-6953369649EA}.AppStore|x64.Build.0 = Debug|Any CPU
		{C29D54D1-74A2-43A7-B532-6953369649EA}.AppStore|x64.Deploy.0 = Debug|Any CPU
		{C29D54D1-74A2-43A7-B532-6953369649EA}.AppStore|x86.ActiveCfg = Debug|Any CPU
		{C29D54D1-74A2-43A7-B532-6953369649EA}.AppStore|x86.Build.0 = Debug|Any CPU
		{C29D54D1-74A2-43A7-B532-6953369649EA}.AppStore|x86.Deploy.0 = Debug|Any CPU
		{C29D54D1-74A2-43A7-B532-6953369649EA}.Debug|Any CPU.ActiveCfg = Debug|Any CPU
		{C29D54D1-74A2-43A7-B532-6953369649EA}.Debug|Any CPU.Build.0 = Debug|Any CPU
		{C29D54D1-74A2-43A7-B532-6953369649EA}.Debug|Any CPU.Deploy.0 = Debug|Any CPU
		{C29D54D1-74A2-43A7-B532-6953369649EA}.Debug|ARM.ActiveCfg = Debug|Any CPU
		{C29D54D1-74A2-43A7-B532-6953369649EA}.Debug|ARM.Build.0 = Debug|Any CPU
		{C29D54D1-74A2-43A7-B532-6953369649EA}.Debug|ARM.Deploy.0 = Debug|Any CPU
		{C29D54D1-74A2-43A7-B532-6953369649EA}.Debug|iPhone.ActiveCfg = Debug|Any CPU
		{C29D54D1-74A2-43A7-B532-6953369649EA}.Debug|iPhone.Build.0 = Debug|Any CPU
		{C29D54D1-74A2-43A7-B532-6953369649EA}.Debug|iPhone.Deploy.0 = Debug|Any CPU
		{C29D54D1-74A2-43A7-B532-6953369649EA}.Debug|iPhoneSimulator.ActiveCfg = Debug|Any CPU
		{C29D54D1-74A2-43A7-B532-6953369649EA}.Debug|iPhoneSimulator.Build.0 = Debug|Any CPU
		{C29D54D1-74A2-43A7-B532-6953369649EA}.Debug|iPhoneSimulator.Deploy.0 = Debug|Any CPU
		{C29D54D1-74A2-43A7-B532-6953369649EA}.Debug|x64.ActiveCfg = Debug|Any CPU
		{C29D54D1-74A2-43A7-B532-6953369649EA}.Debug|x64.Build.0 = Debug|Any CPU
		{C29D54D1-74A2-43A7-B532-6953369649EA}.Debug|x64.Deploy.0 = Debug|Any CPU
		{C29D54D1-74A2-43A7-B532-6953369649EA}.Debug|x86.ActiveCfg = Debug|Any CPU
		{C29D54D1-74A2-43A7-B532-6953369649EA}.Debug|x86.Build.0 = Debug|Any CPU
		{C29D54D1-74A2-43A7-B532-6953369649EA}.Debug|x86.Deploy.0 = Debug|Any CPU
		{C29D54D1-74A2-43A7-B532-6953369649EA}.Release|Any CPU.ActiveCfg = Release|Any CPU
		{C29D54D1-74A2-43A7-B532-6953369649EA}.Release|Any CPU.Build.0 = Release|Any CPU
		{C29D54D1-74A2-43A7-B532-6953369649EA}.Release|Any CPU.Deploy.0 = Release|Any CPU
		{C29D54D1-74A2-43A7-B532-6953369649EA}.Release|ARM.ActiveCfg = Release|Any CPU
		{C29D54D1-74A2-43A7-B532-6953369649EA}.Release|ARM.Build.0 = Release|Any CPU
		{C29D54D1-74A2-43A7-B532-6953369649EA}.Release|ARM.Deploy.0 = Release|Any CPU
		{C29D54D1-74A2-43A7-B532-6953369649EA}.Release|iPhone.ActiveCfg = Release|Any CPU
		{C29D54D1-74A2-43A7-B532-6953369649EA}.Release|iPhone.Build.0 = Release|Any CPU
		{C29D54D1-74A2-43A7-B532-6953369649EA}.Release|iPhone.Deploy.0 = Release|Any CPU
		{C29D54D1-74A2-43A7-B532-6953369649EA}.Release|iPhoneSimulator.ActiveCfg = Release|Any CPU
		{C29D54D1-74A2-43A7-B532-6953369649EA}.Release|iPhoneSimulator.Build.0 = Release|Any CPU
		{C29D54D1-74A2-43A7-B532-6953369649EA}.Release|iPhoneSimulator.Deploy.0 = Release|Any CPU
		{C29D54D1-74A2-43A7-B532-6953369649EA}.Release|x64.ActiveCfg = Release|Any CPU
		{C29D54D1-74A2-43A7-B532-6953369649EA}.Release|x64.Build.0 = Release|Any CPU
		{C29D54D1-74A2-43A7-B532-6953369649EA}.Release|x64.Deploy.0 = Release|Any CPU
		{C29D54D1-74A2-43A7-B532-6953369649EA}.Release|x86.ActiveCfg = Release|Any CPU
		{C29D54D1-74A2-43A7-B532-6953369649EA}.Release|x86.Build.0 = Release|Any CPU
		{C29D54D1-74A2-43A7-B532-6953369649EA}.Release|x86.Deploy.0 = Release|Any CPU
	EndGlobalSection
	GlobalSection(SolutionProperties) = preSolution
		HideSolutionNode = FALSE
	EndGlobalSection
	GlobalSection(ExtensibilityGlobals) = postSolution
		SolutionGuid = {4067C502-0228-4A9B-A33D-4E7D3EB146B9}
	EndGlobalSection
EndGlobal
